// !$*UTF8*$!
{
	archiveVersion = 1;
	classes = {
	};
	objectVersion = 46;
	objects = {

/* Begin PBXBuildFile section */
		416E1AA61D14E50900B86AA9 /* main.m in Sources */ = {isa = PBXBuildFile; fileRef = 416E1AA51D14E50900B86AA9 /* main.m */; };
		416E1AA91D14E50900B86AA9 /* AppDelegate.m in Sources */ = {isa = PBXBuildFile; fileRef = 416E1AA81D14E50900B86AA9 /* AppDelegate.m */; };
		416E1AAC1D14E50900B86AA9 /* ViewController.m in Sources */ = {isa = PBXBuildFile; fileRef = 416E1AAB1D14E50900B86AA9 /* ViewController.m */; };
		416E1AAF1D14E50900B86AA9 /* Main.storyboard in Resources */ = {isa = PBXBuildFile; fileRef = 416E1AAD1D14E50900B86AA9 /* Main.storyboard */; };
		416E1AB11D14E50900B86AA9 /* Assets.xcassets in Resources */ = {isa = PBXBuildFile; fileRef = 416E1AB01D14E50900B86AA9 /* Assets.xcassets */; };
		416E1AB41D14E50900B86AA9 /* LaunchScreen.storyboard in Resources */ = {isa = PBXBuildFile; fileRef = 416E1AB21D14E50900B86AA9 /* LaunchScreen.storyboard */; };
		416E1ABF1D14E50900B86AA9 /* IndicatorTestTests.m in Sources */ = {isa = PBXBuildFile; fileRef = 416E1ABE1D14E50900B86AA9 /* IndicatorTestTests.m */; };
		416E1ACA1D14E50900B86AA9 /* IndicatorTestUITests.m in Sources */ = {isa = PBXBuildFile; fileRef = 416E1AC91D14E50900B86AA9 /* IndicatorTestUITests.m */; };
		416E1AD91D14F2A000B86AA9 /* UIView+Extension.m in Sources */ = {isa = PBXBuildFile; fileRef = 416E1AD81D14F2A000B86AA9 /* UIView+Extension.m */; };
/* End PBXBuildFile section */

/* Begin PBXContainerItemProxy section */
		416E1ABB1D14E50900B86AA9 /* PBXContainerItemProxy */ = {
			isa = PBXContainerItemProxy;
			containerPortal = 416E1A991D14E50900B86AA9 /* Project object */;
			proxyType = 1;
			remoteGlobalIDString = 416E1AA01D14E50900B86AA9;
			remoteInfo = IndicatorTest;
		};
		416E1AC61D14E50900B86AA9 /* PBXContainerItemProxy */ = {
			isa = PBXContainerItemProxy;
			containerPortal = 416E1A991D14E50900B86AA9 /* Project object */;
			proxyType = 1;
			remoteGlobalIDString = 416E1AA01D14E50900B86AA9;
			remoteInfo = IndicatorTest;
		};
/* End PBXContainerItemProxy section */

/* Begin PBXFileReference section */
		416E1AA11D14E50900B86AA9 /* IndicatorTest.app */ = {isa = PBXFileReference; explicitFileType = wrapper.application; includeInIndex = 0; path = IndicatorTest.app; sourceTree = BUILT_PRODUCTS_DIR; };
		416E1AA51D14E50900B86AA9 /* main.m */ = {isa = PBXFileReference; lastKnownFileType = sourcecode.c.objc; path = main.m; sourceTree = "<group>"; };
		416E1AA71D14E50900B86AA9 /* AppDelegate.h */ = {isa = PBXFileReference; lastKnownFileType = sourcecode.c.h; path = AppDelegate.h; sourceTree = "<group>"; };
		416E1AA81D14E50900B86AA9 /* AppDelegate.m */ = {isa = PBXFileReference; lastKnownFileType = sourcecode.c.objc; path = AppDelegate.m; sourceTree = "<group>"; };
		416E1AAA1D14E50900B86AA9 /* ViewController.h */ = {isa = PBXFileReference; lastKnownFileType = sourcecode.c.h; path = ViewController.h; sourceTree = "<group>"; };
		416E1AAB1D14E50900B86AA9 /* ViewController.m */ = {isa = PBXFileReference; lastKnownFileType = sourcecode.c.objc; path = ViewController.m; sourceTree = "<group>"; };
		416E1AAE1D14E50900B86AA9 /* Base */ = {isa = PBXFileReference; lastKnownFileType = file.storyboard; name = Base; path = Base.lproj/Main.storyboard; sourceTree = "<group>"; };
		416E1AB01D14E50900B86AA9 /* Assets.xcassets */ = {isa = PBXFileReference; lastKnownFileType = folder.assetcatalog; path = Assets.xcassets; sourceTree = "<group>"; };
		416E1AB31D14E50900B86AA9 /* Base */ = {isa = PBXFileReference; lastKnownFileType = file.storyboard; name = Base; path = Base.lproj/LaunchScreen.storyboard; sourceTree = "<group>"; };
		416E1AB51D14E50900B86AA9 /* Info.plist */ = {isa = PBXFileReference; lastKnownFileType = text.plist.xml; path = Info.plist; sourceTree = "<group>"; };
		416E1ABA1D14E50900B86AA9 /* IndicatorTestTests.xctest */ = {isa = PBXFileReference; explicitFileType = wrapper.cfbundle; includeInIndex = 0; path = IndicatorTestTests.xctest; sourceTree = BUILT_PRODUCTS_DIR; };
		416E1ABE1D14E50900B86AA9 /* IndicatorTestTests.m */ = {isa = PBXFileReference; lastKnownFileType = sourcecode.c.objc; path = IndicatorTestTests.m; sourceTree = "<group>"; };
		416E1AC01D14E50900B86AA9 /* Info.plist */ = {isa = PBXFileReference; lastKnownFileType = text.plist.xml; path = Info.plist; sourceTree = "<group>"; };
		416E1AC51D14E50900B86AA9 /* IndicatorTestUITests.xctest */ = {isa = PBXFileReference; explicitFileType = wrapper.cfbundle; includeInIndex = 0; path = IndicatorTestUITests.xctest; sourceTree = BUILT_PRODUCTS_DIR; };
		416E1AC91D14E50900B86AA9 /* IndicatorTestUITests.m */ = {isa = PBXFileReference; lastKnownFileType = sourcecode.c.objc; path = IndicatorTestUITests.m; sourceTree = "<group>"; };
		416E1ACB1D14E50900B86AA9 /* Info.plist */ = {isa = PBXFileReference; lastKnownFileType = text.plist.xml; path = Info.plist; sourceTree = "<group>"; };
		416E1AD71D14F2A000B86AA9 /* UIView+Extension.h */ = {isa = PBXFileReference; fileEncoding = 4; lastKnownFileType = sourcecode.c.h; path = "UIView+Extension.h"; sourceTree = "<group>"; };
		416E1AD81D14F2A000B86AA9 /* UIView+Extension.m */ = {isa = PBXFileReference; fileEncoding = 4; lastKnownFileType = sourcecode.c.objc; path = "UIView+Extension.m"; sourceTree = "<group>"; };
/* End PBXFileReference section */

/* Begin PBXFrameworksBuildPhase section */
		416E1A9E1D14E50900B86AA9 /* Frameworks */ = {
			isa = PBXFrameworksBuildPhase;
			buildActionMask = 2147483647;
			files = (
			);
			runOnlyForDeploymentPostprocessing = 0;
		};
		416E1AB71D14E50900B86AA9 /* Frameworks */ = {
			isa = PBXFrameworksBuildPhase;
			buildActionMask = 2147483647;
			files = (
			);
			runOnlyForDeploymentPostprocessing = 0;
		};
		416E1AC21D14E50900B86AA9 /* Frameworks */ = {
			isa = PBXFrameworksBuildPhase;
			buildActionMask = 2147483647;
			files = (
			);
			runOnlyForDeploymentPostprocessing = 0;
		};
/* End PBXFrameworksBuildPhase section */

/* Begin PBXGroup section */
		416E1A981D14E50900B86AA9 = {
			isa = PBXGroup;
			children = (
				416E1AA31D14E50900B86AA9 /* IndicatorTest */,
				416E1ABD1D14E50900B86AA9 /* IndicatorTestTests */,
				416E1AC81D14E50900B86AA9 /* IndicatorTestUITests */,
				416E1AA21D14E50900B86AA9 /* Products */,
			);
			sourceTree = "<group>";
		};
		416E1AA21D14E50900B86AA9 /* Products */ = {
			isa = PBXGroup;
			children = (
				416E1AA11D14E50900B86AA9 /* IndicatorTest.app */,
				416E1ABA1D14E50900B86AA9 /* IndicatorTestTests.xctest */,
				416E1AC51D14E50900B86AA9 /* IndicatorTestUITests.xctest */,
			);
			name = Products;
			sourceTree = "<group>";
		};
		416E1AA31D14E50900B86AA9 /* IndicatorTest */ = {
			isa = PBXGroup;
			children = (
				416E1AD71D14F2A000B86AA9 /* UIView+Extension.h */,
				416E1AD81D14F2A000B86AA9 /* UIView+Extension.m */,
				416E1AA71D14E50900B86AA9 /* AppDelegate.h */,
				416E1AA81D14E50900B86AA9 /* AppDelegate.m */,
				416E1AAA1D14E50900B86AA9 /* ViewController.h */,
				416E1AAB1D14E50900B86AA9 /* ViewController.m */,
				416E1AAD1D14E50900B86AA9 /* Main.storyboard */,
				416E1AB01D14E50900B86AA9 /* Assets.xcassets */,
				416E1AB21D14E50900B86AA9 /* LaunchScreen.storyboard */,
				416E1AB51D14E50900B86AA9 /* Info.plist */,
				416E1AA41D14E50900B86AA9 /* Supporting Files */,
			);
			path = IndicatorTest;
			sourceTree = "<group>";
		};
		416E1AA41D14E50900B86AA9 /* Supporting Files */ = {
			isa = PBXGroup;
			children = (
				416E1AA51D14E50900B86AA9 /* main.m */,
			);
			name = "Supporting Files";
			sourceTree = "<group>";
		};
		416E1ABD1D14E50900B86AA9 /* IndicatorTestTests */ = {
			isa = PBXGroup;
			children = (
				416E1ABE1D14E50900B86AA9 /* IndicatorTestTests.m */,
				416E1AC01D14E50900B86AA9 /* Info.plist */,
			);
			path = IndicatorTestTests;
			sourceTree = "<group>";
		};
		416E1AC81D14E50900B86AA9 /* IndicatorTestUITests */ = {
			isa = PBXGroup;
			children = (
				416E1AC91D14E50900B86AA9 /* IndicatorTestUITests.m */,
				416E1ACB1D14E50900B86AA9 /* Info.plist */,
			);
			path = IndicatorTestUITests;
			sourceTree = "<group>";
		};
/* End PBXGroup section */

/* Begin PBXNativeTarget section */
		416E1AA01D14E50900B86AA9 /* IndicatorTest */ = {
			isa = PBXNativeTarget;
			buildConfigurationList = 416E1ACE1D14E50900B86AA9 /* Build configuration list for PBXNativeTarget "IndicatorTest" */;
			buildPhases = (
				416E1A9D1D14E50900B86AA9 /* Sources */,
				416E1A9E1D14E50900B86AA9 /* Frameworks */,
				416E1A9F1D14E50900B86AA9 /* Resources */,
			);
			buildRules = (
			);
			dependencies = (
			);
			name = IndicatorTest;
			productName = IndicatorTest;
			productReference = 416E1AA11D14E50900B86AA9 /* IndicatorTest.app */;
			productType = "com.apple.product-type.application";
		};
		416E1AB91D14E50900B86AA9 /* IndicatorTestTests */ = {
			isa = PBXNativeTarget;
			buildConfigurationList = 416E1AD11D14E50900B86AA9 /* Build configuration list for PBXNativeTarget "IndicatorTestTests" */;
			buildPhases = (
				416E1AB61D14E50900B86AA9 /* Sources */,
				416E1AB71D14E50900B86AA9 /* Frameworks */,
				416E1AB81D14E50900B86AA9 /* Resources */,
			);
			buildRules = (
			);
			dependencies = (
				416E1ABC1D14E50900B86AA9 /* PBXTargetDependency */,
			);
			name = IndicatorTestTests;
			productName = IndicatorTestTests;
			productReference = 416E1ABA1D14E50900B86AA9 /* IndicatorTestTests.xctest */;
			productType = "com.apple.product-type.bundle.unit-test";
		};
		416E1AC41D14E50900B86AA9 /* IndicatorTestUITests */ = {
			isa = PBXNativeTarget;
			buildConfigurationList = 416E1AD41D14E50900B86AA9 /* Build configuration list for PBXNativeTarget "IndicatorTestUITests" */;
			buildPhases = (
				416E1AC11D14E50900B86AA9 /* Sources */,
				416E1AC21D14E50900B86AA9 /* Frameworks */,
				416E1AC31D14E50900B86AA9 /* Resources */,
			);
			buildRules = (
			);
			dependencies = (
				416E1AC71D14E50900B86AA9 /* PBXTargetDependency */,
			);
			name = IndicatorTestUITests;
			productName = IndicatorTestUITests;
			productReference = 416E1AC51D14E50900B86AA9 /* IndicatorTestUITests.xctest */;
			productType = "com.apple.product-type.bundle.ui-testing";
		};
/* End PBXNativeTarget section */

/* Begin PBXProject section */
		416E1A991D14E50900B86AA9 /* Project object */ = {
			isa = PBXProject;
			attributes = {
				LastUpgradeCheck = 0730;
				ORGANIZATIONNAME = gameloft;
				TargetAttributes = {
					416E1AA01D14E50900B86AA9 = {
						CreatedOnToolsVersion = 7.3.1;
						DevelopmentTeam = EVKHDJKQCF;
					};
					416E1AB91D14E50900B86AA9 = {
						CreatedOnToolsVersion = 7.3.1;
						DevelopmentTeam = EVKHDJKQCF;
						TestTargetID = 416E1AA01D14E50900B86AA9;
					};
					416E1AC41D14E50900B86AA9 = {
						CreatedOnToolsVersion = 7.3.1;
						DevelopmentTeam = EVKHDJKQCF;
						TestTargetID = 416E1AA01D14E50900B86AA9;
					};
				};
			};
			buildConfigurationList = 416E1A9C1D14E50900B86AA9 /* Build configuration list for PBXProject "IndicatorTest" */;
			compatibilityVersion = "Xcode 3.2";
			developmentRegion = English;
			hasScannedForEncodings = 0;
			knownRegions = (
				en,
				Base,
			);
			mainGroup = 416E1A981D14E50900B86AA9;
			productRefGroup = 416E1AA21D14E50900B86AA9 /* Products */;
			projectDirPath = "";
			projectRoot = "";
			targets = (
				416E1AA01D14E50900B86AA9 /* IndicatorTest */,
				416E1AB91D14E50900B86AA9 /* IndicatorTestTests */,
				416E1AC41D14E50900B86AA9 /* IndicatorTestUITests */,
			);
		};
/* End PBXProject section */

/* Begin PBXResourcesBuildPhase section */
		416E1A9F1D14E50900B86AA9 /* Resources */ = {
			isa = PBXResourcesBuildPhase;
			buildActionMask = 2147483647;
			files = (
				416E1AB41D14E50900B86AA9 /* LaunchScreen.storyboard in Resources */,
				416E1AB11D14E50900B86AA9 /* Assets.xcassets in Resources */,
				416E1AAF1D14E50900B86AA9 /* Main.storyboard in Resources */,
			);
			runOnlyForDeploymentPostprocessing = 0;
		};
		416E1AB81D14E50900B86AA9 /* Resources */ = {
			isa = PBXResourcesBuildPhase;
			buildActionMask = 2147483647;
			files = (
			);
			runOnlyForDeploymentPostprocessing = 0;
		};
		416E1AC31D14E50900B86AA9 /* Resources */ = {
			isa = PBXResourcesBuildPhase;
			buildActionMask = 2147483647;
			files = (
			);
			runOnlyForDeploymentPostprocessing = 0;
		};
/* End PBXResourcesBuildPhase section */

/* Begin PBXSourcesBuildPhase section */
		416E1A9D1D14E50900B86AA9 /* Sources */ = {
			isa = PBXSourcesBuildPhase;
			buildActionMask = 2147483647;
			files = (
				416E1AAC1D14E50900B86AA9 /* ViewController.m in Sources */,
				416E1AA91D14E50900B86AA9 /* AppDelegate.m in Sources */,
				416E1AD91D14F2A000B86AA9 /* UIView+Extension.m in Sources */,
				416E1AA61D14E50900B86AA9 /* main.m in Sources */,
			);
			runOnlyForDeploymentPostprocessing = 0;
		};
		416E1AB61D14E50900B86AA9 /* Sources */ = {
			isa = PBXSourcesBuildPhase;
			buildActionMask = 2147483647;
			files = (
				416E1ABF1D14E50900B86AA9 /* IndicatorTestTests.m in Sources */,
			);
			runOnlyForDeploymentPostprocessing = 0;
		};
		416E1AC11D14E50900B86AA9 /* Sources */ = {
			isa = PBXSourcesBuildPhase;
			buildActionMask = 2147483647;
			files = (
				416E1ACA1D14E50900B86AA9 /* IndicatorTestUITests.m in Sources */,
			);
			runOnlyForDeploymentPostprocessing = 0;
		};
/* End PBXSourcesBuildPhase section */

/* Begin PBXTargetDependency section */
		416E1ABC1D14E50900B86AA9 /* PBXTargetDependency */ = {
			isa = PBXTargetDependency;
			target = 416E1AA01D14E50900B86AA9 /* IndicatorTest */;
			targetProxy = 416E1ABB1D14E50900B86AA9 /* PBXContainerItemProxy */;
		};
		416E1AC71D14E50900B86AA9 /* PBXTargetDependency */ = {
			isa = PBXTargetDependency;
			target = 416E1AA01D14E50900B86AA9 /* IndicatorTest */;
			targetProxy = 416E1AC61D14E50900B86AA9 /* PBXContainerItemProxy */;
		};
/* End PBXTargetDependency section */

/* Begin PBXVariantGroup section */
		416E1AAD1D14E50900B86AA9 /* Main.storyboard */ = {
			isa = PBXVariantGroup;
			children = (
				416E1AAE1D14E50900B86AA9 /* Base */,
			);
			name = Main.storyboard;
			sourceTree = "<group>";
		};
		416E1AB21D14E50900B86AA9 /* LaunchScreen.storyboard */ = {
			isa = PBXVariantGroup;
			children = (
				416E1AB31D14E50900B86AA9 /* Base */,
			);
			name = LaunchScreen.storyboard;
			sourceTree = "<group>";
		};
/* End PBXVariantGroup section */

/* Begin XCBuildConfiguration section */
		416E1ACC1D14E50900B86AA9 /* Debug */ = {
			isa = XCBuildConfiguration;
			buildSettings = {
				ALWAYS_SEARCH_USER_PATHS = NO;
				CLANG_ANALYZER_NONNULL = YES;
				CLANG_CXX_LANGUAGE_STANDARD = "gnu++0x";
				CLANG_CXX_LIBRARY = "libc++";
				CLANG_ENABLE_MODULES = YES;
				CLANG_ENABLE_OBJC_ARC = YES;
				CLANG_WARN_BOOL_CONVERSION = YES;
				CLANG_WARN_CONSTANT_CONVERSION = YES;
				CLANG_WARN_DIRECT_OBJC_ISA_USAGE = YES_ERROR;
				CLANG_WARN_EMPTY_BODY = YES;
				CLANG_WARN_ENUM_CONVERSION = YES;
				CLANG_WARN_INT_CONVERSION = YES;
				CLANG_WARN_OBJC_ROOT_CLASS = YES_ERROR;
				CLANG_WARN_UNREACHABLE_CODE = YES;
				CLANG_WARN__DUPLICATE_METHOD_MATCH = YES;
				"CODE_SIGN_IDENTITY[sdk=iphoneos*]" = "iPhone Developer";
				COPY_PHASE_STRIP = NO;
				DEBUG_INFORMATION_FORMAT = dwarf;
				ENABLE_STRICT_OBJC_MSGSEND = YES;
				ENABLE_TESTABILITY = YES;
				GCC_C_LANGUAGE_STANDARD = gnu99;
				GCC_DYNAMIC_NO_PIC = NO;
				GCC_NO_COMMON_BLOCKS = YES;
				GCC_OPTIMIZATION_LEVEL = 0;
				GCC_PREPROCESSOR_DEFINITIONS = (
					"DEBUG=1",
					"$(inherited)",
				);
				GCC_WARN_64_TO_32_BIT_CONVERSION = YES;
				GCC_WARN_ABOUT_RETURN_TYPE = YES_ERROR;
				GCC_WARN_UNDECLARED_SELECTOR = YES;
				GCC_WARN_UNINITIALIZED_AUTOS = YES_AGGRESSIVE;
				GCC_WARN_UNUSED_FUNCTION = YES;
				GCC_WARN_UNUSED_VARIABLE = YES;
				IPHONEOS_DEPLOYMENT_TARGET = 9.3;
				MTL_ENABLE_DEBUG_INFO = YES;
				ONLY_ACTIVE_ARCH = YES;
				SDKROOT = iphoneos;
				TARGETED_DEVICE_FAMILY = "1,2";
			};
			name = Debug;
		};
		416E1ACD1D14E50900B86AA9 /* Release */ = {
			isa = XCBuildConfiguration;
			buildSettings = {
				ALWAYS_SEARCH_USER_PATHS = NO;
				CLANG_ANALYZER_NONNULL = YES;
				CLANG_CXX_LANGUAGE_STANDARD = "gnu++0x";
				CLANG_CXX_LIBRARY = "libc++";
				CLANG_ENABLE_MODULES = YES;
				CLANG_ENABLE_OBJC_ARC = YES;
				CLANG_WARN_BOOL_CONVERSION = YES;
				CLANG_WARN_CONSTANT_CONVERSION = YES;
				CLANG_WARN_DIRECT_OBJC_ISA_USAGE = YES_ERROR;
				CLANG_WARN_EMPTY_BODY = YES;
				CLANG_WARN_ENUM_CONVERSION = YES;
				CLANG_WARN_INT_CONVERSION = YES;
				CLANG_WARN_OBJC_ROOT_CLASS = YES_ERROR;
				CLANG_WARN_UNREACHABLE_CODE = YES;
				CLANG_WARN__DUPLICATE_METHOD_MATCH = YES;
				"CODE_SIGN_IDENTITY[sdk=iphoneos*]" = "iPhone Developer";
				COPY_PHASE_STRIP = NO;
				DEBUG_INFORMATION_FORMAT = "dwarf-with-dsym";
				ENABLE_NS_ASSERTIONS = NO;
				ENABLE_STRICT_OBJC_MSGSEND = YES;
				GCC_C_LANGUAGE_STANDARD = gnu99;
				GCC_NO_COMMON_BLOCKS = YES;
				GCC_WARN_64_TO_32_BIT_CONVERSION = YES;
				GCC_WARN_ABOUT_RETURN_TYPE = YES_ERROR;
				GCC_WARN_UNDECLARED_SELECTOR = YES;
				GCC_WARN_UNINITIALIZED_AUTOS = YES_AGGRESSIVE;
				GCC_WARN_UNUSED_FUNCTION = YES;
				GCC_WARN_UNUSED_VARIABLE = YES;
				IPHONEOS_DEPLOYMENT_TARGET = 9.3;
				MTL_ENABLE_DEBUG_INFO = NO;
				SDKROOT = iphoneos;
				TARGETED_DEVICE_FAMILY = "1,2";
				VALIDATE_PRODUCT = YES;
			};
			name = Release;
		};
		416E1ACF1D14E50900B86AA9 /* Debug */ = {
			isa = XCBuildConfiguration;
			buildSettings = {
				ASSETCATALOG_COMPILER_APPICON_NAME = AppIcon;
				INFOPLIST_FILE = IndicatorTest/Info.plist;
				LD_RUNPATH_SEARCH_PATHS = "$(inherited) @executable_path/Frameworks";
				PRODUCT_BUNDLE_IDENTIFIER = "Home.iPhone-Pro";
				PRODUCT_NAME = "$(TARGET_NAME)";
			};
			name = Debug;
		};
		416E1AD01D14E50900B86AA9 /* Release */ = {
			isa = XCBuildConfiguration;
			buildSettings = {
				ASSETCATALOG_COMPILER_APPICON_NAME = AppIcon;
				INFOPLIST_FILE = IndicatorTest/Info.plist;
				LD_RUNPATH_SEARCH_PATHS = "$(inherited) @executable_path/Frameworks";
				PRODUCT_BUNDLE_IDENTIFIER = "Home.iPhone-Pro";
				PRODUCT_NAME = "$(TARGET_NAME)";
			};
			name = Release;
		};
		416E1AD21D14E50900B86AA9 /* Debug */ = {
			isa = XCBuildConfiguration;
			buildSettings = {
				BUNDLE_LOADER = "$(TEST_HOST)";
				INFOPLIST_FILE = IndicatorTestTests/Info.plist;
				LD_RUNPATH_SEARCH_PATHS = "$(inherited) @executable_path/Frameworks @loader_path/Frameworks";
				PRODUCT_BUNDLE_IDENTIFIER = Home.IndicatorTestTests;
				PRODUCT_NAME = "$(TARGET_NAME)";
				TEST_HOST = "$(BUILT_PRODUCTS_DIR)/IndicatorTest.app/IndicatorTest";
			};
			name = Debug;
		};
		416E1AD31D14E50900B86AA9 /* Release */ = {
			isa = XCBuildConfiguration;
			buildSettings = {
				BUNDLE_LOADER = "$(TEST_HOST)";
				INFOPLIST_FILE = IndicatorTestTests/Info.plist;
				LD_RUNPATH_SEARCH_PATHS = "$(inherited) @executable_path/Frameworks @loader_path/Frameworks";
				PRODUCT_BUNDLE_IDENTIFIER = Home.IndicatorTestTests;
				PRODUCT_NAME = "$(TARGET_NAME)";
				TEST_HOST = "$(BUILT_PRODUCTS_DIR)/IndicatorTest.app/IndicatorTest";
			};
			name = Release;
		};
		416E1AD51D14E50900B86AA9 /* Debug */ = {
			isa = XCBuildConfiguration;
			buildSettings = {
				INFOPLIST_FILE = IndicatorTestUITests/Info.plist;
				LD_RUNPATH_SEARCH_PATHS = "$(inherited) @executable_path/Frameworks @loader_path/Frameworks";
				PRODUCT_BUNDLE_IDENTIFIER = Home.IndicatorTestUITests;
				PRODUCT_NAME = "$(TARGET_NAME)";
				TEST_TARGET_NAME = IndicatorTest;
			};
			name = Debug;
		};
		416E1AD61D14E50900B86AA9 /* Release */ = {
			isa = XCBuildConfiguration;
			buildSettings = {
				INFOPLIST_FILE = IndicatorTestUITests/Info.plist;
				LD_RUNPATH_SEARCH_PATHS = "$(inherited) @executable_path/Frameworks @loader_path/Frameworks";
				PRODUCT_BUNDLE_IDENTIFIER = Home.IndicatorTestUITests;
				PRODUCT_NAME = "$(TARGET_NAME)";
				TEST_TARGET_NAME = IndicatorTest;
			};
			name = Release;
		};
/* End XCBuildConfiguration section */

/* Begin XCConfigurationList section */
		416E1A9C1D14E50900B86AA9 /* Build configuration list for PBXProject "IndicatorTest" */ = {
			isa = XCConfigurationList;
			buildConfigurations = (
				416E1ACC1D14E50900B86AA9 /* Debug */,
				416E1ACD1D14E50900B86AA9 /* Release */,
			);
			defaultConfigurationIsVisible = 0;
			defaultConfigurationName = Release;
		};
		416E1ACE1D14E50900B86AA9 /* Build configuration list for PBXNativeTarget "IndicatorTest" */ = {
			isa = XCConfigurationList;
			buildConfigurations = (
				416E1ACF1D14E50900B86AA9 /* Debug */,
				416E1AD01D14E50900B86AA9 /* Release */,
			);
			defaultConfigurationIsVisible = 0;
		};
		416E1AD11D14E50900B86AA9 /* Build configuration list for PBXNativeTarget "IndicatorTestTests" */ = {
			isa = XCConfigurationList;
			buildConfigurations = (
				416E1AD21D14E50900B86AA9 /* Debug */,
				416E1AD31D14E50900B86AA9 /* Release */,
			);
			defaultConfigurationIsVisible = 0;
		};
		416E1AD41D14E50900B86AA9 /* Build configuration list for PBXNativeTarget "IndicatorTestUITests" */ = {
			isa = XCConfigurationList;
			buildConfigurations = (
				416E1AD51D14E50900B86AA9 /* Debug */,
				416E1AD61D14E50900B86AA9 /* Release */,
			);
			defaultConfigurationIsVisible = 0;
		};
/* End XCConfigurationList section */
	};
	rootObject = 416E1A991D14E50900B86AA9 /* Project object */;
}
